// !$*UTF8*$!
{
	archiveVersion = 1;
	classes = {
	};
	objectVersion = 46;
	objects = {

/* Begin PBXBuildFile section */
		190F62341B4F5BC80091A1D1 /* Bolts.framework in Frameworks */ = {isa = PBXBuildFile; fileRef = 190F622E1B4F5BC80091A1D1 /* Bolts.framework */; };
		190F62351B4F5BC80091A1D1 /* FBSDKCoreKit.framework in Frameworks */ = {isa = PBXBuildFile; fileRef = 190F622F1B4F5BC80091A1D1 /* FBSDKCoreKit.framework */; };
		190F62361B4F5BC80091A1D1 /* FBSDKLoginKit.framework in Frameworks */ = {isa = PBXBuildFile; fileRef = 190F62301B4F5BC80091A1D1 /* FBSDKLoginKit.framework */; };
		190F62371B4F5BC80091A1D1 /* Parse.framework in Frameworks */ = {isa = PBXBuildFile; fileRef = 190F62311B4F5BC80091A1D1 /* Parse.framework */; };
		190F62381B4F5BC80091A1D1 /* ParseCrashReporting.framework in Frameworks */ = {isa = PBXBuildFile; fileRef = 190F62321B4F5BC80091A1D1 /* ParseCrashReporting.framework */; };
		190F62391B4F5BC80091A1D1 /* ParseFacebookUtilsV4.framework in Frameworks */ = {isa = PBXBuildFile; fileRef = 190F62331B4F5BC80091A1D1 /* ParseFacebookUtilsV4.framework */; };
		190F623E1B4F5CAB0091A1D1 /* NelpTask.swift in Sources */ = {isa = PBXBuildFile; fileRef = 190F623A1B4F5CAB0091A1D1 /* NelpTask.swift */; };
		190F62401B4F5CAB0091A1D1 /* NelpTasksStore.swift in Sources */ = {isa = PBXBuildFile; fileRef = 190F623C1B4F5CAB0091A1D1 /* NelpTasksStore.swift */; };
		190F62411B4F5CAB0091A1D1 /* UserProfile.swift in Sources */ = {isa = PBXBuildFile; fileRef = 190F623D1B4F5CAB0091A1D1 /* UserProfile.swift */; };
		190F62431B4F614A0091A1D1 /* AudioToolbox.framework in Frameworks */ = {isa = PBXBuildFile; fileRef = 190F62421B4F614A0091A1D1 /* AudioToolbox.framework */; };
		190F62451B4F616A0091A1D1 /* libstdc++.6.dylib in Frameworks */ = {isa = PBXBuildFile; fileRef = 190F62441B4F616A0091A1D1 /* libstdc++.6.dylib */; };
		190F62471B4F617D0091A1D1 /* libsqlite3.dylib in Frameworks */ = {isa = PBXBuildFile; fileRef = 190F62461B4F617D0091A1D1 /* libsqlite3.dylib */; };
		190F62491B4F618C0091A1D1 /* SystemConfiguration.framework in Frameworks */ = {isa = PBXBuildFile; fileRef = 190F62481B4F618C0091A1D1 /* SystemConfiguration.framework */; };
		195FD9B21B4B6B760040AD20 /* ProfileViewController.xib in Resources */ = {isa = PBXBuildFile; fileRef = 195FD9B11B4B6B760040AD20 /* ProfileViewController.xib */; };
		195FD9B51B4CA6A50040AD20 /* NelpViewController.swift in Sources */ = {isa = PBXBuildFile; fileRef = 195FD9B31B4CA6A50040AD20 /* NelpViewController.swift */; };
		195FD9B61B4CA6A50040AD20 /* NelpViewController.xib in Resources */ = {isa = PBXBuildFile; fileRef = 195FD9B41B4CA6A50040AD20 /* NelpViewController.xib */; };
		199EF1F41B37A0A500B25B07 /* AppDelegate.swift in Sources */ = {isa = PBXBuildFile; fileRef = 199EF1F31B37A0A500B25B07 /* AppDelegate.swift */; };
		199EF1FD1B37A0A500B25B07 /* Images.xcassets in Resources */ = {isa = PBXBuildFile; fileRef = 199EF1FC1B37A0A500B25B07 /* Images.xcassets */; };
		199EF2001B37A0A500B25B07 /* LaunchScreen.xib in Resources */ = {isa = PBXBuildFile; fileRef = 199EF1FE1B37A0A500B25B07 /* LaunchScreen.xib */; };
		199EF20C1B37A0A500B25B07 /* NelperTests.swift in Sources */ = {isa = PBXBuildFile; fileRef = 199EF20B1B37A0A500B25B07 /* NelperTests.swift */; };
		F72F27D31B5302DE00CD3B0B /* NelpTaskCreateViewController.swift in Sources */ = {isa = PBXBuildFile; fileRef = F72F27D11B5302DE00CD3B0B /* NelpTaskCreateViewController.swift */; };
		F72F27D41B5302DE00CD3B0B /* NelpTaskCreateViewController.xib in Resources */ = {isa = PBXBuildFile; fileRef = F72F27D21B5302DE00CD3B0B /* NelpTaskCreateViewController.xib */; };
		F72F27D61B53070D00CD3B0B /* NelpTasksListViewController.xib in Resources */ = {isa = PBXBuildFile; fileRef = F72F27D51B53070D00CD3B0B /* NelpTasksListViewController.xib */; };
		F72F27DC1B53224100CD3B0B /* NelpTaskApplication.swift in Sources */ = {isa = PBXBuildFile; fileRef = F72F27DB1B53224100CD3B0B /* NelpTaskApplication.swift */; };
		F72F284F1B53607C00CD3B0B /* ColorHelper.swift in Sources */ = {isa = PBXBuildFile; fileRef = F72F284E1B53607C00CD3B0B /* ColorHelper.swift */; };
		F762D0061B4B66B000812235 /* LoginViewController.swift in Sources */ = {isa = PBXBuildFile; fileRef = F762D0041B4B66B000812235 /* LoginViewController.swift */; };
		F762D0071B4B66B000812235 /* LoginViewController.xib in Resources */ = {isa = PBXBuildFile; fileRef = F762D0051B4B66B000812235 /* LoginViewController.xib */; };
		F762D00F1B4B67B200812235 /* NelpTasksTableViewCell.swift in Sources */ = {isa = PBXBuildFile; fileRef = F762D00E1B4B67B200812235 /* NelpTasksTableViewCell.swift */; };
		F762D0111B4B67D900812235 /* NelpTasksListViewController.swift in Sources */ = {isa = PBXBuildFile; fileRef = F762D0101B4B67D900812235 /* NelpTasksListViewController.swift */; };
		F762D0131B4B680300812235 /* ProfileViewController.swift in Sources */ = {isa = PBXBuildFile; fileRef = F762D0121B4B680300812235 /* ProfileViewController.swift */; };
		F7FE123F1B51C31500F27D92 /* SnapKit.framework in Copy Frameworks */ = {isa = PBXBuildFile; fileRef = F7FE12351B51C16400F27D92 /* SnapKit.framework */; settings = {ATTRIBUTES = (CodeSignOnCopy, RemoveHeadersOnCopy, ); }; };
/* End PBXBuildFile section */

/* Begin PBXContainerItemProxy section */
		199EF2061B37A0A500B25B07 /* PBXContainerItemProxy */ = {
			isa = PBXContainerItemProxy;
			containerPortal = 199EF1E61B37A0A500B25B07 /* Project object */;
			proxyType = 1;
			remoteGlobalIDString = 199EF1ED1B37A0A500B25B07;
			remoteInfo = Nelper;
		};
		F7FE12341B51C16400F27D92 /* PBXContainerItemProxy */ = {
			isa = PBXContainerItemProxy;
			containerPortal = F7FE122D1B51C16400F27D92 /* SnapKit.xcodeproj */;
			proxyType = 2;
			remoteGlobalIDString = EEBCC9D819CC627D0083B827;
			remoteInfo = "SnapKit iOS";
		};
		F7FE12361B51C16400F27D92 /* PBXContainerItemProxy */ = {
			isa = PBXContainerItemProxy;
			containerPortal = F7FE122D1B51C16400F27D92 /* SnapKit.xcodeproj */;
			proxyType = 2;
			remoteGlobalIDString = EECDB37A1AC0C9D4006BBC11;
			remoteInfo = "SnapKit OSX";
		};
		F7FE12381B51C16400F27D92 /* PBXContainerItemProxy */ = {
			isa = PBXContainerItemProxy;
			containerPortal = F7FE122D1B51C16400F27D92 /* SnapKit.xcodeproj */;
			proxyType = 2;
			remoteGlobalIDString = EEBCC9E219CC627E0083B827;
			remoteInfo = "SnapKit iOS Tests";
		};
		F7FE123A1B51C16400F27D92 /* PBXContainerItemProxy */ = {
			isa = PBXContainerItemProxy;
			containerPortal = F7FE122D1B51C16400F27D92 /* SnapKit.xcodeproj */;
			proxyType = 2;
			remoteGlobalIDString = EECDB3841AC0C9D4006BBC11;
			remoteInfo = "SnapKit OSX Tests";
		};
		F7FE123C1B51C26E00F27D92 /* PBXContainerItemProxy */ = {
			isa = PBXContainerItemProxy;
			containerPortal = F7FE122D1B51C16400F27D92 /* SnapKit.xcodeproj */;
			proxyType = 1;
			remoteGlobalIDString = EEBCC9D719CC627D0083B827;
			remoteInfo = "SnapKit iOS";
		};
/* End PBXContainerItemProxy section */

/* Begin PBXCopyFilesBuildPhase section */
		19B63F091B4F6B9500C73E48 /* Copy Frameworks */ = {
			isa = PBXCopyFilesBuildPhase;
			buildActionMask = 2147483647;
			dstPath = "";
			dstSubfolderSpec = 10;
			files = (
				F7FE123F1B51C31500F27D92 /* SnapKit.framework in Copy Frameworks */,
			);
			name = "Copy Frameworks";
			runOnlyForDeploymentPostprocessing = 0;
		};
/* End PBXCopyFilesBuildPhase section */

/* Begin PBXFileReference section */
		190F622E1B4F5BC80091A1D1 /* Bolts.framework */ = {isa = PBXFileReference; lastKnownFileType = wrapper.framework; name = Bolts.framework; path = Nelper/Frameworks/Bolts.framework; sourceTree = "<group>"; };
		190F622F1B4F5BC80091A1D1 /* FBSDKCoreKit.framework */ = {isa = PBXFileReference; lastKnownFileType = wrapper.framework; name = FBSDKCoreKit.framework; path = Nelper/Frameworks/FBSDKCoreKit.framework; sourceTree = "<group>"; };
		190F62301B4F5BC80091A1D1 /* FBSDKLoginKit.framework */ = {isa = PBXFileReference; lastKnownFileType = wrapper.framework; name = FBSDKLoginKit.framework; path = Nelper/Frameworks/FBSDKLoginKit.framework; sourceTree = "<group>"; };
		190F62311B4F5BC80091A1D1 /* Parse.framework */ = {isa = PBXFileReference; lastKnownFileType = wrapper.framework; name = Parse.framework; path = Nelper/Frameworks/Parse.framework; sourceTree = "<group>"; };
		190F62321B4F5BC80091A1D1 /* ParseCrashReporting.framework */ = {isa = PBXFileReference; lastKnownFileType = wrapper.framework; name = ParseCrashReporting.framework; path = Nelper/Frameworks/ParseCrashReporting.framework; sourceTree = "<group>"; };
		190F62331B4F5BC80091A1D1 /* ParseFacebookUtilsV4.framework */ = {isa = PBXFileReference; lastKnownFileType = wrapper.framework; name = ParseFacebookUtilsV4.framework; path = Nelper/Frameworks/ParseFacebookUtilsV4.framework; sourceTree = "<group>"; };
		190F623A1B4F5CAB0091A1D1 /* NelpTask.swift */ = {isa = PBXFileReference; fileEncoding = 4; lastKnownFileType = sourcecode.swift; name = NelpTask.swift; path = Nelper/Model/NelpTask.swift; sourceTree = SOURCE_ROOT; };
		190F623C1B4F5CAB0091A1D1 /* NelpTasksStore.swift */ = {isa = PBXFileReference; fileEncoding = 4; lastKnownFileType = sourcecode.swift; name = NelpTasksStore.swift; path = Nelper/Model/NelpTasksStore.swift; sourceTree = SOURCE_ROOT; };
		190F623D1B4F5CAB0091A1D1 /* UserProfile.swift */ = {isa = PBXFileReference; fileEncoding = 4; lastKnownFileType = sourcecode.swift; name = UserProfile.swift; path = Nelper/Model/UserProfile.swift; sourceTree = SOURCE_ROOT; };
		190F62421B4F614A0091A1D1 /* AudioToolbox.framework */ = {isa = PBXFileReference; lastKnownFileType = wrapper.framework; name = AudioToolbox.framework; path = System/Library/Frameworks/AudioToolbox.framework; sourceTree = SDKROOT; };
		190F62441B4F616A0091A1D1 /* libstdc++.6.dylib */ = {isa = PBXFileReference; lastKnownFileType = "compiled.mach-o.dylib"; name = "libstdc++.6.dylib"; path = "usr/lib/libstdc++.6.dylib"; sourceTree = SDKROOT; };
		190F62461B4F617D0091A1D1 /* libsqlite3.dylib */ = {isa = PBXFileReference; lastKnownFileType = "compiled.mach-o.dylib"; name = libsqlite3.dylib; path = usr/lib/libsqlite3.dylib; sourceTree = SDKROOT; };
		190F62481B4F618C0091A1D1 /* SystemConfiguration.framework */ = {isa = PBXFileReference; lastKnownFileType = wrapper.framework; name = SystemConfiguration.framework; path = System/Library/Frameworks/SystemConfiguration.framework; sourceTree = SDKROOT; };
		195FD9B11B4B6B760040AD20 /* ProfileViewController.xib */ = {isa = PBXFileReference; fileEncoding = 4; lastKnownFileType = file.xib; name = ProfileViewController.xib; path = Nelper/Profile/ProfileViewController.xib; sourceTree = SOURCE_ROOT; };
		195FD9B31B4CA6A50040AD20 /* NelpViewController.swift */ = {isa = PBXFileReference; fileEncoding = 4; lastKnownFileType = sourcecode.swift; name = NelpViewController.swift; path = Nelp/NelpViewController.swift; sourceTree = "<group>"; };
		195FD9B41B4CA6A50040AD20 /* NelpViewController.xib */ = {isa = PBXFileReference; fileEncoding = 4; lastKnownFileType = file.xib; name = NelpViewController.xib; path = Nelp/NelpViewController.xib; sourceTree = "<group>"; };
		199EF1EE1B37A0A500B25B07 /* Nelper.app */ = {isa = PBXFileReference; explicitFileType = wrapper.application; includeInIndex = 0; path = Nelper.app; sourceTree = BUILT_PRODUCTS_DIR; };
		199EF1F21B37A0A500B25B07 /* Info.plist */ = {isa = PBXFileReference; lastKnownFileType = text.plist.xml; path = Info.plist; sourceTree = "<group>"; };
		199EF1F31B37A0A500B25B07 /* AppDelegate.swift */ = {isa = PBXFileReference; lastKnownFileType = sourcecode.swift; path = AppDelegate.swift; sourceTree = "<group>"; };
		199EF1FC1B37A0A500B25B07 /* Images.xcassets */ = {isa = PBXFileReference; lastKnownFileType = folder.assetcatalog; path = Images.xcassets; sourceTree = "<group>"; };
		199EF1FF1B37A0A500B25B07 /* Base */ = {isa = PBXFileReference; lastKnownFileType = file.xib; name = Base; path = Base.lproj/LaunchScreen.xib; sourceTree = "<group>"; };
		199EF2051B37A0A500B25B07 /* NelperTests.xctest */ = {isa = PBXFileReference; explicitFileType = wrapper.cfbundle; includeInIndex = 0; path = NelperTests.xctest; sourceTree = BUILT_PRODUCTS_DIR; };
		199EF20A1B37A0A500B25B07 /* Info.plist */ = {isa = PBXFileReference; lastKnownFileType = text.plist.xml; path = Info.plist; sourceTree = "<group>"; };
		199EF20B1B37A0A500B25B07 /* NelperTests.swift */ = {isa = PBXFileReference; lastKnownFileType = sourcecode.swift; path = NelperTests.swift; sourceTree = "<group>"; };
		19D8538E1B37A47E007AA3A8 /* Nelper-Bridging-Header.h */ = {isa = PBXFileReference; lastKnownFileType = sourcecode.c.h; path = "Nelper-Bridging-Header.h"; sourceTree = "<group>"; };
		F72F27D11B5302DE00CD3B0B /* NelpTaskCreateViewController.swift */ = {isa = PBXFileReference; fileEncoding = 4; lastKnownFileType = sourcecode.swift; name = NelpTaskCreateViewController.swift; path = "Nelper/Find Nelp/Nelp Task CollectionView/Create Nelp Task/NelpTaskCreateViewController.swift"; sourceTree = SOURCE_ROOT; };
		F72F27D21B5302DE00CD3B0B /* NelpTaskCreateViewController.xib */ = {isa = PBXFileReference; fileEncoding = 4; lastKnownFileType = file.xib; name = NelpTaskCreateViewController.xib; path = "Nelper/Find Nelp/Nelp Task CollectionView/Create Nelp Task/NelpTaskCreateViewController.xib"; sourceTree = SOURCE_ROOT; };
		F72F27D51B53070D00CD3B0B /* NelpTasksListViewController.xib */ = {isa = PBXFileReference; fileEncoding = 4; lastKnownFileType = file.xib; name = NelpTasksListViewController.xib; path = "Nelper/Find Nelp/Nelp Task CollectionView/NelpTasksListViewController.xib"; sourceTree = SOURCE_ROOT; };
		F72F27DB1B53224100CD3B0B /* NelpTaskApplication.swift */ = {isa = PBXFileReference; fileEncoding = 4; lastKnownFileType = sourcecode.swift; name = NelpTaskApplication.swift; path = Nelper/Model/NelpTaskApplication.swift; sourceTree = SOURCE_ROOT; };
		F72F284E1B53607C00CD3B0B /* ColorHelper.swift */ = {isa = PBXFileReference; fileEncoding = 4; lastKnownFileType = sourcecode.swift; name = ColorHelper.swift; path = Nelper/Helpers/ColorHelper.swift; sourceTree = SOURCE_ROOT; };
		F762D0041B4B66B000812235 /* LoginViewController.swift */ = {isa = PBXFileReference; fileEncoding = 4; lastKnownFileType = sourcecode.swift; name = LoginViewController.swift; path = Nelper/Login/LoginViewController.swift; sourceTree = SOURCE_ROOT; };
		F762D0051B4B66B000812235 /* LoginViewController.xib */ = {isa = PBXFileReference; fileEncoding = 4; lastKnownFileType = file.xib; name = LoginViewController.xib; path = Nelper/Login/LoginViewController.xib; sourceTree = SOURCE_ROOT; };
		F762D00E1B4B67B200812235 /* NelpTasksTableViewCell.swift */ = {isa = PBXFileReference; fileEncoding = 4; lastKnownFileType = sourcecode.swift; name = NelpTasksTableViewCell.swift; path = "Nelper/Find Nelp/Nelp Task CollectionView/NelpTasksTableViewCell.swift"; sourceTree = SOURCE_ROOT; };
		F762D0101B4B67D900812235 /* NelpTasksListViewController.swift */ = {isa = PBXFileReference; fileEncoding = 4; lastKnownFileType = sourcecode.swift; name = NelpTasksListViewController.swift; path = "Nelper/Find Nelp/Nelp Task CollectionView/NelpTasksListViewController.swift"; sourceTree = SOURCE_ROOT; };
		F762D0121B4B680300812235 /* ProfileViewController.swift */ = {isa = PBXFileReference; fileEncoding = 4; lastKnownFileType = sourcecode.swift; name = ProfileViewController.swift; path = Nelper/Profile/ProfileViewController.swift; sourceTree = SOURCE_ROOT; };
		F7FE122D1B51C16400F27D92 /* SnapKit.xcodeproj */ = {isa = PBXFileReference; lastKnownFileType = "wrapper.pb-project"; name = SnapKit.xcodeproj; path = SnapKit/SnapKit.xcodeproj; sourceTree = "<group>"; };
/* End PBXFileReference section */

/* Begin PBXFrameworksBuildPhase section */
		199EF1EB1B37A0A500B25B07 /* Frameworks */ = {
			isa = PBXFrameworksBuildPhase;
			buildActionMask = 2147483647;
			files = (
				190F62491B4F618C0091A1D1 /* SystemConfiguration.framework in Frameworks */,
				190F62471B4F617D0091A1D1 /* libsqlite3.dylib in Frameworks */,
				190F62451B4F616A0091A1D1 /* libstdc++.6.dylib in Frameworks */,
				190F62431B4F614A0091A1D1 /* AudioToolbox.framework in Frameworks */,
				190F62381B4F5BC80091A1D1 /* ParseCrashReporting.framework in Frameworks */,
				190F62391B4F5BC80091A1D1 /* ParseFacebookUtilsV4.framework in Frameworks */,
				190F62351B4F5BC80091A1D1 /* FBSDKCoreKit.framework in Frameworks */,
				190F62361B4F5BC80091A1D1 /* FBSDKLoginKit.framework in Frameworks */,
				190F62341B4F5BC80091A1D1 /* Bolts.framework in Frameworks */,
				190F62371B4F5BC80091A1D1 /* Parse.framework in Frameworks */,
			);
			runOnlyForDeploymentPostprocessing = 0;
		};
		199EF2021B37A0A500B25B07 /* Frameworks */ = {
			isa = PBXFrameworksBuildPhase;
			buildActionMask = 2147483647;
			files = (
			);
			runOnlyForDeploymentPostprocessing = 0;
		};
/* End PBXFrameworksBuildPhase section */

/* Begin PBXGroup section */
		193F040E1B485F75003CBDA6 /* Find Nelp */ = {
			isa = PBXGroup;
			children = (
				F762CFFE1B4B593600812235 /* Nelp Task Collection View */,
			);
			name = "Find Nelp";
			path = ViewControllers;
			sourceTree = "<group>";
		};
		193F04101B485F75003CBDA6 /* Login */ = {
			isa = PBXGroup;
			children = (
				F762D0041B4B66B000812235 /* LoginViewController.swift */,
				F762D0051B4B66B000812235 /* LoginViewController.xib */,
			);
			name = Login;
			path = ViewControllers/Login;
			sourceTree = "<group>";
		};
		193F041D1B4878E3003CBDA6 /* Nelp */ = {
			isa = PBXGroup;
			children = (
				195FD9B31B4CA6A50040AD20 /* NelpViewController.swift */,
				195FD9B41B4CA6A50040AD20 /* NelpViewController.xib */,
			);
			name = Nelp;
			sourceTree = "<group>";
		};
		199EF1E51B37A0A500B25B07 = {
			isa = PBXGroup;
			children = (
				199EF1F01B37A0A500B25B07 /* Nelper */,
				199EF2081B37A0A500B25B07 /* NelperTests */,
				199EF1EF1B37A0A500B25B07 /* Products */,
				E00C0A7D0D690598AC42849C /* Frameworks */,
				F7FE122D1B51C16400F27D92 /* SnapKit.xcodeproj */,
			);
			sourceTree = "<group>";
		};
		199EF1EF1B37A0A500B25B07 /* Products */ = {
			isa = PBXGroup;
			children = (
				199EF1EE1B37A0A500B25B07 /* Nelper.app */,
				199EF2051B37A0A500B25B07 /* NelperTests.xctest */,
			);
			name = Products;
			sourceTree = "<group>";
		};
		199EF1F01B37A0A500B25B07 /* Nelper */ = {
			isa = PBXGroup;
			children = (
				193F04101B485F75003CBDA6 /* Login */,
				193F041D1B4878E3003CBDA6 /* Nelp */,
				193F040E1B485F75003CBDA6 /* Find Nelp */,
				F762CFF61B49E72800812235 /* Profile */,
				F762CFFD1B4B591D00812235 /* Model */,
				F72F28501B53608E00CD3B0B /* Helpers */,
				199EF1F31B37A0A500B25B07 /* AppDelegate.swift */,
				199EF1FC1B37A0A500B25B07 /* Images.xcassets */,
				199EF1F11B37A0A500B25B07 /* Supporting Files */,
			);
			path = Nelper;
			sourceTree = "<group>";
		};
		199EF1F11B37A0A500B25B07 /* Supporting Files */ = {
			isa = PBXGroup;
			children = (
				199EF1FE1B37A0A500B25B07 /* LaunchScreen.xib */,
				19D8538E1B37A47E007AA3A8 /* Nelper-Bridging-Header.h */,
				199EF1F21B37A0A500B25B07 /* Info.plist */,
			);
			name = "Supporting Files";
			sourceTree = "<group>";
		};
		199EF2081B37A0A500B25B07 /* NelperTests */ = {
			isa = PBXGroup;
			children = (
				199EF20B1B37A0A500B25B07 /* NelperTests.swift */,
				199EF2091B37A0A500B25B07 /* Supporting Files */,
			);
			path = NelperTests;
			sourceTree = "<group>";
		};
		199EF2091B37A0A500B25B07 /* Supporting Files */ = {
			isa = PBXGroup;
			children = (
				199EF20A1B37A0A500B25B07 /* Info.plist */,
			);
			name = "Supporting Files";
			sourceTree = "<group>";
		};
		E00C0A7D0D690598AC42849C /* Frameworks */ = {
			isa = PBXGroup;
			children = (
				190F62481B4F618C0091A1D1 /* SystemConfiguration.framework */,
				190F62461B4F617D0091A1D1 /* libsqlite3.dylib */,
				190F62441B4F616A0091A1D1 /* libstdc++.6.dylib */,
				190F62421B4F614A0091A1D1 /* AudioToolbox.framework */,
				190F622E1B4F5BC80091A1D1 /* Bolts.framework */,
				190F622F1B4F5BC80091A1D1 /* FBSDKCoreKit.framework */,
				190F62301B4F5BC80091A1D1 /* FBSDKLoginKit.framework */,
				190F62311B4F5BC80091A1D1 /* Parse.framework */,
				190F62321B4F5BC80091A1D1 /* ParseCrashReporting.framework */,
				190F62331B4F5BC80091A1D1 /* ParseFacebookUtilsV4.framework */,
			);
			name = Frameworks;
			sourceTree = "<group>";
		};
		F72F28501B53608E00CD3B0B /* Helpers */ = {
			isa = PBXGroup;
			children = (
				F72F284E1B53607C00CD3B0B /* ColorHelper.swift */,
			);
			name = Helpers;
			path = ViewControllers/Offer;
			sourceTree = "<group>";
		};
		F762CFF61B49E72800812235 /* Profile */ = {
			isa = PBXGroup;
			children = (
				195FD9B11B4B6B760040AD20 /* ProfileViewController.xib */,
				F762D0121B4B680300812235 /* ProfileViewController.swift */,
			);
			name = Profile;
			path = ViewControllers;
			sourceTree = "<group>";
		};
		F762CFFD1B4B591D00812235 /* Model */ = {
			isa = PBXGroup;
			children = (
				190F623A1B4F5CAB0091A1D1 /* NelpTask.swift */,
				190F623C1B4F5CAB0091A1D1 /* NelpTasksStore.swift */,
				190F623D1B4F5CAB0091A1D1 /* UserProfile.swift */,
				F72F27DB1B53224100CD3B0B /* NelpTaskApplication.swift */,
			);
			name = Model;
			path = ViewControllers/Offer;
			sourceTree = "<group>";
		};
		F762CFFE1B4B593600812235 /* Nelp Task Collection View */ = {
			isa = PBXGroup;
			children = (
				F762D0101B4B67D900812235 /* NelpTasksListViewController.swift */,
				F72F27D51B53070D00CD3B0B /* NelpTasksListViewController.xib */,
				F762D00E1B4B67B200812235 /* NelpTasksTableViewCell.swift */,
				F762CFFF1B4B594D00812235 /* Create Nelp Task */,
			);
			name = "Nelp Task Collection View";
			path = Offer;
			sourceTree = "<group>";
		};
		F762CFFF1B4B594D00812235 /* Create Nelp Task */ = {
			isa = PBXGroup;
			children = (
				F72F27D11B5302DE00CD3B0B /* NelpTaskCreateViewController.swift */,
				F72F27D21B5302DE00CD3B0B /* NelpTaskCreateViewController.xib */,
			);
			name = "Create Nelp Task";
			sourceTree = "<group>";
		};
		F7FE122E1B51C16400F27D92 /* Products */ = {
			isa = PBXGroup;
			children = (
				F7FE12351B51C16400F27D92 /* SnapKit.framework */,
				F7FE12371B51C16400F27D92 /* SnapKit.framework */,
				F7FE12391B51C16400F27D92 /* SnapKit iOS Tests.xctest */,
				F7FE123B1B51C16400F27D92 /* SnapKit OSX Tests.xctest */,
			);
			name = Products;
			sourceTree = "<group>";
		};
/* End PBXGroup section */

/* Begin PBXNativeTarget section */
		199EF1ED1B37A0A500B25B07 /* Nelper */ = {
			isa = PBXNativeTarget;
			buildConfigurationList = 199EF20F1B37A0A500B25B07 /* Build configuration list for PBXNativeTarget "Nelper" */;
			buildPhases = (
				199EF1EA1B37A0A500B25B07 /* Sources */,
				199EF1EB1B37A0A500B25B07 /* Frameworks */,
				199EF1EC1B37A0A500B25B07 /* Resources */,
				19B63F091B4F6B9500C73E48 /* Copy Frameworks */,
			);
			buildRules = (
			);
			dependencies = (
				F7FE123D1B51C26E00F27D92 /* PBXTargetDependency */,
			);
			name = Nelper;
			productName = Nelper;
			productReference = 199EF1EE1B37A0A500B25B07 /* Nelper.app */;
			productType = "com.apple.product-type.application";
		};
		199EF2041B37A0A500B25B07 /* NelperTests */ = {
			isa = PBXNativeTarget;
			buildConfigurationList = 199EF2121B37A0A500B25B07 /* Build configuration list for PBXNativeTarget "NelperTests" */;
			buildPhases = (
				199EF2011B37A0A500B25B07 /* Sources */,
				199EF2021B37A0A500B25B07 /* Frameworks */,
				199EF2031B37A0A500B25B07 /* Resources */,
			);
			buildRules = (
			);
			dependencies = (
				199EF2071B37A0A500B25B07 /* PBXTargetDependency */,
			);
			name = NelperTests;
			productName = NelperTests;
			productReference = 199EF2051B37A0A500B25B07 /* NelperTests.xctest */;
			productType = "com.apple.product-type.bundle.unit-test";
		};
/* End PBXNativeTarget section */

/* Begin PBXProject section */
		199EF1E61B37A0A500B25B07 /* Project object */ = {
			isa = PBXProject;
			attributes = {
				LastUpgradeCheck = 0620;
				ORGANIZATIONNAME = Nelper;
				TargetAttributes = {
					199EF1ED1B37A0A500B25B07 = {
						CreatedOnToolsVersion = 6.2;
					};
					199EF2041B37A0A500B25B07 = {
						CreatedOnToolsVersion = 6.2;
						TestTargetID = 199EF1ED1B37A0A500B25B07;
					};
				};
			};
			buildConfigurationList = 199EF1E91B37A0A500B25B07 /* Build configuration list for PBXProject "Nelper" */;
			compatibilityVersion = "Xcode 3.2";
			developmentRegion = English;
			hasScannedForEncodings = 0;
			knownRegions = (
				en,
				Base,
			);
			mainGroup = 199EF1E51B37A0A500B25B07;
			productRefGroup = 199EF1EF1B37A0A500B25B07 /* Products */;
			projectDirPath = "";
			projectReferences = (
				{
					ProductGroup = F7FE122E1B51C16400F27D92 /* Products */;
					ProjectRef = F7FE122D1B51C16400F27D92 /* SnapKit.xcodeproj */;
				},
			);
			projectRoot = "";
			targets = (
				199EF1ED1B37A0A500B25B07 /* Nelper */,
				199EF2041B37A0A500B25B07 /* NelperTests */,
			);
		};
/* End PBXProject section */

/* Begin PBXReferenceProxy section */
		F7FE12351B51C16400F27D92 /* SnapKit.framework */ = {
			isa = PBXReferenceProxy;
			fileType = wrapper.framework;
			path = SnapKit.framework;
			remoteRef = F7FE12341B51C16400F27D92 /* PBXContainerItemProxy */;
			sourceTree = BUILT_PRODUCTS_DIR;
		};
		F7FE12371B51C16400F27D92 /* SnapKit.framework */ = {
			isa = PBXReferenceProxy;
			fileType = wrapper.framework;
			path = SnapKit.framework;
			remoteRef = F7FE12361B51C16400F27D92 /* PBXContainerItemProxy */;
			sourceTree = BUILT_PRODUCTS_DIR;
		};
		F7FE12391B51C16400F27D92 /* SnapKit iOS Tests.xctest */ = {
			isa = PBXReferenceProxy;
			fileType = wrapper.cfbundle;
			path = "SnapKit iOS Tests.xctest";
			remoteRef = F7FE12381B51C16400F27D92 /* PBXContainerItemProxy */;
			sourceTree = BUILT_PRODUCTS_DIR;
		};
		F7FE123B1B51C16400F27D92 /* SnapKit OSX Tests.xctest */ = {
			isa = PBXReferenceProxy;
			fileType = wrapper.cfbundle;
			path = "SnapKit OSX Tests.xctest";
			remoteRef = F7FE123A1B51C16400F27D92 /* PBXContainerItemProxy */;
			sourceTree = BUILT_PRODUCTS_DIR;
		};
/* End PBXReferenceProxy section */

/* Begin PBXResourcesBuildPhase section */
		199EF1EC1B37A0A500B25B07 /* Resources */ = {
			isa = PBXResourcesBuildPhase;
			buildActionMask = 2147483647;
			files = (
				F72F27D61B53070D00CD3B0B /* NelpTasksListViewController.xib in Resources */,
				195FD9B61B4CA6A50040AD20 /* NelpViewController.xib in Resources */,
				195FD9B21B4B6B760040AD20 /* ProfileViewController.xib in Resources */,
				F762D0071B4B66B000812235 /* LoginViewController.xib in Resources */,
				199EF2001B37A0A500B25B07 /* LaunchScreen.xib in Resources */,
				F72F27D41B5302DE00CD3B0B /* NelpTaskCreateViewController.xib in Resources */,
				199EF1FD1B37A0A500B25B07 /* Images.xcassets in Resources */,
			);
			runOnlyForDeploymentPostprocessing = 0;
		};
		199EF2031B37A0A500B25B07 /* Resources */ = {
			isa = PBXResourcesBuildPhase;
			buildActionMask = 2147483647;
			files = (
			);
			runOnlyForDeploymentPostprocessing = 0;
		};
/* End PBXResourcesBuildPhase section */

/* Begin PBXSourcesBuildPhase section */
		199EF1EA1B37A0A500B25B07 /* Sources */ = {
			isa = PBXSourcesBuildPhase;
			buildActionMask = 2147483647;
			files = (
				F72F27DC1B53224100CD3B0B /* NelpTaskApplication.swift in Sources */,
				F762D0061B4B66B000812235 /* LoginViewController.swift in Sources */,
				F72F27D31B5302DE00CD3B0B /* NelpTaskCreateViewController.swift in Sources */,
				199EF1F41B37A0A500B25B07 /* AppDelegate.swift in Sources */,
				F762D00F1B4B67B200812235 /* NelpTasksTableViewCell.swift in Sources */,
				F72F284F1B53607C00CD3B0B /* ColorHelper.swift in Sources */,
				190F623E1B4F5CAB0091A1D1 /* NelpTask.swift in Sources */,
				190F62411B4F5CAB0091A1D1 /* UserProfile.swift in Sources */,
				195FD9B51B4CA6A50040AD20 /* NelpViewController.swift in Sources */,
				190F62401B4F5CAB0091A1D1 /* NelpTasksStore.swift in Sources */,
				F762D0131B4B680300812235 /* ProfileViewController.swift in Sources */,
				F762D0111B4B67D900812235 /* NelpTasksListViewController.swift in Sources */,
			);
			runOnlyForDeploymentPostprocessing = 0;
		};
		199EF2011B37A0A500B25B07 /* Sources */ = {
			isa = PBXSourcesBuildPhase;
			buildActionMask = 2147483647;
			files = (
				199EF20C1B37A0A500B25B07 /* NelperTests.swift in Sources */,
			);
			runOnlyForDeploymentPostprocessing = 0;
		};
/* End PBXSourcesBuildPhase section */

/* Begin PBXTargetDependency section */
		199EF2071B37A0A500B25B07 /* PBXTargetDependency */ = {
			isa = PBXTargetDependency;
			target = 199EF1ED1B37A0A500B25B07 /* Nelper */;
			targetProxy = 199EF2061B37A0A500B25B07 /* PBXContainerItemProxy */;
		};
		F7FE123D1B51C26E00F27D92 /* PBXTargetDependency */ = {
			isa = PBXTargetDependency;
			name = "SnapKit iOS";
			targetProxy = F7FE123C1B51C26E00F27D92 /* PBXContainerItemProxy */;
		};
/* End PBXTargetDependency section */

/* Begin PBXVariantGroup section */
		199EF1FE1B37A0A500B25B07 /* LaunchScreen.xib */ = {
			isa = PBXVariantGroup;
			children = (
				199EF1FF1B37A0A500B25B07 /* Base */,
			);
			name = LaunchScreen.xib;
			sourceTree = "<group>";
		};
/* End PBXVariantGroup section */

/* Begin XCBuildConfiguration section */
		199EF20D1B37A0A500B25B07 /* Debug */ = {
			isa = XCBuildConfiguration;
			buildSettings = {
				ALWAYS_SEARCH_USER_PATHS = NO;
				CLANG_CXX_LANGUAGE_STANDARD = "gnu++0x";
				CLANG_CXX_LIBRARY = "libc++";
				CLANG_ENABLE_MODULES = YES;
				CLANG_ENABLE_OBJC_ARC = YES;
				CLANG_WARN_BOOL_CONVERSION = YES;
				CLANG_WARN_CONSTANT_CONVERSION = YES;
				CLANG_WARN_DIRECT_OBJC_ISA_USAGE = YES_ERROR;
				CLANG_WARN_EMPTY_BODY = YES;
				CLANG_WARN_ENUM_CONVERSION = YES;
				CLANG_WARN_INT_CONVERSION = YES;
				CLANG_WARN_OBJC_ROOT_CLASS = YES_ERROR;
				CLANG_WARN_UNREACHABLE_CODE = YES;
				CLANG_WARN__DUPLICATE_METHOD_MATCH = YES;
				"CODE_SIGN_IDENTITY[sdk=iphoneos*]" = "iPhone Developer";
				COPY_PHASE_STRIP = NO;
				ENABLE_STRICT_OBJC_MSGSEND = YES;
				GCC_C_LANGUAGE_STANDARD = gnu99;
				GCC_DYNAMIC_NO_PIC = NO;
				GCC_OPTIMIZATION_LEVEL = 0;
				GCC_PREPROCESSOR_DEFINITIONS = (
					"DEBUG=1",
					"$(inherited)",
				);
				GCC_SYMBOLS_PRIVATE_EXTERN = NO;
				GCC_WARN_64_TO_32_BIT_CONVERSION = YES;
				GCC_WARN_ABOUT_RETURN_TYPE = YES_ERROR;
				GCC_WARN_UNDECLARED_SELECTOR = YES;
				GCC_WARN_UNINITIALIZED_AUTOS = YES_AGGRESSIVE;
				GCC_WARN_UNUSED_FUNCTION = YES;
				GCC_WARN_UNUSED_VARIABLE = YES;
				IPHONEOS_DEPLOYMENT_TARGET = 8.2;
				MTL_ENABLE_DEBUG_INFO = YES;
				ONLY_ACTIVE_ARCH = YES;
				SDKROOT = iphoneos;
				SWIFT_OPTIMIZATION_LEVEL = "-Onone";
				TARGETED_DEVICE_FAMILY = "1,2";
			};
			name = Debug;
		};
		199EF20E1B37A0A500B25B07 /* Release */ = {
			isa = XCBuildConfiguration;
			buildSettings = {
				ALWAYS_SEARCH_USER_PATHS = NO;
				CLANG_CXX_LANGUAGE_STANDARD = "gnu++0x";
				CLANG_CXX_LIBRARY = "libc++";
				CLANG_ENABLE_MODULES = YES;
				CLANG_ENABLE_OBJC_ARC = YES;
				CLANG_WARN_BOOL_CONVERSION = YES;
				CLANG_WARN_CONSTANT_CONVERSION = YES;
				CLANG_WARN_DIRECT_OBJC_ISA_USAGE = YES_ERROR;
				CLANG_WARN_EMPTY_BODY = YES;
				CLANG_WARN_ENUM_CONVERSION = YES;
				CLANG_WARN_INT_CONVERSION = YES;
				CLANG_WARN_OBJC_ROOT_CLASS = YES_ERROR;
				CLANG_WARN_UNREACHABLE_CODE = YES;
				CLANG_WARN__DUPLICATE_METHOD_MATCH = YES;
				"CODE_SIGN_IDENTITY[sdk=iphoneos*]" = "iPhone Developer";
				COPY_PHASE_STRIP = NO;
				ENABLE_NS_ASSERTIONS = NO;
				ENABLE_STRICT_OBJC_MSGSEND = YES;
				GCC_C_LANGUAGE_STANDARD = gnu99;
				GCC_WARN_64_TO_32_BIT_CONVERSION = YES;
				GCC_WARN_ABOUT_RETURN_TYPE = YES_ERROR;
				GCC_WARN_UNDECLARED_SELECTOR = YES;
				GCC_WARN_UNINITIALIZED_AUTOS = YES_AGGRESSIVE;
				GCC_WARN_UNUSED_FUNCTION = YES;
				GCC_WARN_UNUSED_VARIABLE = YES;
				IPHONEOS_DEPLOYMENT_TARGET = 8.2;
				MTL_ENABLE_DEBUG_INFO = NO;
				SDKROOT = iphoneos;
				TARGETED_DEVICE_FAMILY = "1,2";
				VALIDATE_PRODUCT = YES;
			};
			name = Release;
		};
		199EF2101B37A0A500B25B07 /* Debug */ = {
			isa = XCBuildConfiguration;
			buildSettings = {
				ASSETCATALOG_COMPILER_APPICON_NAME = AppIcon;
				CLANG_ENABLE_MODULES = YES;
				FRAMEWORK_SEARCH_PATHS = (
					"$(inherited)",
					"/Users/janic/Downloads/parse-library-1.7.5",
					/Users/janic/Documents/FacebookSDK,
					"/Users/janic/Downloads/parse-library-1.7.5",
					"(2)",
					"$(PROJECT_DIR)/Nelper/Frameworks",
					"$(PROJECT_DIR)/SnapKit/build/Debug-iphoneos",
				);
				INFOPLIST_FILE = Nelper/Info.plist;
				IPHONEOS_DEPLOYMENT_TARGET = 8.0;
				LD_RUNPATH_SEARCH_PATHS = "$(inherited) @executable_path/Frameworks";
				PRODUCT_NAME = "$(TARGET_NAME)";
				SWIFT_OBJC_BRIDGING_HEADER = "Nelper/Nelper-Bridging-Header.h";
				SWIFT_OPTIMIZATION_LEVEL = "-Onone";
			};
			name = Debug;
		};
		199EF2111B37A0A500B25B07 /* Release */ = {
			isa = XCBuildConfiguration;
			buildSettings = {
				ASSETCATALOG_COMPILER_APPICON_NAME = AppIcon;
				CLANG_ENABLE_MODULES = YES;
				FRAMEWORK_SEARCH_PATHS = (
					"$(inherited)",
					"/Users/janic/Downloads/parse-library-1.7.5",
					/Users/janic/Documents/FacebookSDK,
					"/Users/janic/Downloads/parse-library-1.7.5",
					"(2)",
					"$(PROJECT_DIR)/Nelper/Frameworks",
					"$(PROJECT_DIR)/SnapKit/build/Debug-iphoneos",
				);
				INFOPLIST_FILE = Nelper/Info.plist;
				IPHONEOS_DEPLOYMENT_TARGET = 8.0;
				LD_RUNPATH_SEARCH_PATHS = "$(inherited) @executable_path/Frameworks";
				PRODUCT_NAME = "$(TARGET_NAME)";
				SWIFT_OBJC_BRIDGING_HEADER = "Nelper/Nelper-Bridging-Header.h";
			};
			name = Release;
		};
		199EF2131B37A0A500B25B07 /* Debug */ = {
			isa = XCBuildConfiguration;
			buildSettings = {
				BUNDLE_LOADER = "$(TEST_HOST)";
				FRAMEWORK_SEARCH_PATHS = (
					"$(SDKROOT)/Developer/Library/Frameworks",
					"$(inherited)",
				);
				GCC_PREPROCESSOR_DEFINITIONS = (
					"DEBUG=1",
					"$(inherited)",
				);
				INFOPLIST_FILE = NelperTests/Info.plist;
				LD_RUNPATH_SEARCH_PATHS = "$(inherited) @executable_path/Frameworks @loader_path/Frameworks";
				PRODUCT_NAME = "$(TARGET_NAME)";
				TEST_HOST = "$(BUILT_PRODUCTS_DIR)/Nelper.app/Nelper";
			};
			name = Debug;
		};
		199EF2141B37A0A500B25B07 /* Release */ = {
			isa = XCBuildConfiguration;
			buildSettings = {
				BUNDLE_LOADER = "$(TEST_HOST)";
				FRAMEWORK_SEARCH_PATHS = (
					"$(SDKROOT)/Developer/Library/Frameworks",
					"$(inherited)",
				);
				INFOPLIST_FILE = NelperTests/Info.plist;
				LD_RUNPATH_SEARCH_PATHS = "$(inherited) @executable_path/Frameworks @loader_path/Frameworks";
				PRODUCT_NAME = "$(TARGET_NAME)";
				TEST_HOST = "$(BUILT_PRODUCTS_DIR)/Nelper.app/Nelper";
			};
			name = Release;
		};
/* End XCBuildConfiguration section */

/* Begin XCConfigurationList section */
		199EF1E91B37A0A500B25B07 /* Build configuration list for PBXProject "Nelper" */ = {
			isa = XCConfigurationList;
			buildConfigurations = (
				199EF20D1B37A0A500B25B07 /* Debug */,
				199EF20E1B37A0A500B25B07 /* Release */,
			);
			defaultConfigurationIsVisible = 0;
			defaultConfigurationName = Release;
		};
		199EF20F1B37A0A500B25B07 /* Build configuration list for PBXNativeTarget "Nelper" */ = {
			isa = XCConfigurationList;
			buildConfigurations = (
				199EF2101B37A0A500B25B07 /* Debug */,
				199EF2111B37A0A500B25B07 /* Release */,
			);
			defaultConfigurationIsVisible = 0;
			defaultConfigurationName = Release;
		};
		199EF2121B37A0A500B25B07 /* Build configuration list for PBXNativeTarget "NelperTests" */ = {
			isa = XCConfigurationList;
			buildConfigurations = (
				199EF2131B37A0A500B25B07 /* Debug */,
				199EF2141B37A0A500B25B07 /* Release */,
			);
			defaultConfigurationIsVisible = 0;
			defaultConfigurationName = Release;
		};
/* End XCConfigurationList section */
	};
	rootObject = 199EF1E61B37A0A500B25B07 /* Project object */;
}
